
Microsoft Visual Studio Solution File, Format Version 12.00
# Visual Studio Version 17
VisualStudioVersion = 17.13.36105.23 d17.13
MinimumVisualStudioVersion = 10.0.40219.1
Project("{FAE04EC0-301F-11D3-BF4B-00C04F79EFBC}") = "BenchmarkTool.Admin", "BenchmarkTool.Admin\BenchmarkTool.Admin.csproj", "{2195BB97-B25D-4CF3-9E9A-BA7619A16ED0}"
EndProject
Project("{FAE04EC0-301F-11D3-BF4B-00C04F79EFBC}") = "BenchmarkTool.Library", "BenchmarkTool.Library\BenchmarkTool.Library\BenchmarkTool.Library.csproj", "{4F867291-EBDC-449B-ACB7-BE4D5440748E}"
EndProject
Project("{FAE04EC0-301F-11D3-BF4B-00C04F79EFBC}") = "BenchmarkTool.Company", "BenchmarkTool.Company\BenchmarkTool.Company.csproj", "{F303F346-1938-46E1-A0C8-C5FF70CBAEE8}"
EndProject
Global
	GlobalSection(SolutionConfigurationPlatforms) = preSolution
		Debug|Any CPU = Debug|Any CPU
		Release|Any CPU = Release|Any CPU
	EndGlobalSection
	GlobalSection(ProjectConfigurationPlatforms) = postSolution
		{2195BB97-B25D-4CF3-9E9A-BA7619A16ED0}.Debug|Any CPU.ActiveCfg = Debug|Any CPU
		{2195BB97-B25D-4CF3-9E9A-BA7619A16ED0}.Debug|Any CPU.Build.0 = Debug|Any CPU
		{2195BB97-B25D-4CF3-9E9A-BA7619A16ED0}.Release|Any CPU.ActiveCfg = Release|Any CPU
		{2195BB97-B25D-4CF3-9E9A-BA7619A16ED0}.Release|Any CPU.Build.0 = Release|Any CPU
		{4F867291-EBDC-449B-ACB7-BE4D5440748E}.Debug|Any CPU.ActiveCfg = Debug|Any CPU
		{4F867291-EBDC-449B-ACB7-BE4D5440748E}.Debug|Any CPU.Build.0 = Debug|Any CPU
		{4F867291-EBDC-449B-ACB7-BE4D5440748E}.Release|Any CPU.ActiveCfg = Release|Any CPU
		{4F867291-EBDC-449B-ACB7-BE4D5440748E}.Release|Any CPU.Build.0 = Release|Any CPU
		{F303F346-1938-46E1-A0C8-C5FF70CBAEE8}.Debug|Any CPU.ActiveCfg = Debug|Any CPU
		{F303F346-1938-46E1-A0C8-C5FF70CBAEE8}.Debug|Any CPU.Build.0 = Debug|Any CPU
		{F303F346-1938-46E1-A0C8-C5FF70CBAEE8}.Release|Any CPU.ActiveCfg = Release|Any CPU
		{F303F346-1938-46E1-A0C8-C5FF70CBAEE8}.Release|Any CPU.Build.0 = Release|Any CPU
	EndGlobalSection
	GlobalSection(SolutionProperties) = preSolution
		HideSolutionNode = FALSE
	EndGlobalSection
	GlobalSection(ExtensibilityGlobals) = postSolution
		SolutionGuid = {0138FEDD-63B3-4196-84A6-B733BFCF3B9D}
	EndGlobalSection
EndGlobal
